
Microsoft Visual Studio Solution File, Format Version 12.00
# Visual Studio Version 17
VisualStudioVersion = 17.5.33414.496
MinimumVisualStudioVersion = 10.0.40219.1
Project("{FAE04EC0-301F-11D3-BF4B-00C04F79EFBC}") = "WpfApp10", "WpfApp10\WpfApp10.csproj", "{A68F5100-2F04-47A4-A5F4-21CB67B0743B}"
EndProject
Global
	GlobalSection(SolutionConfigurationPlatforms) = preSolution
		Debug|Any CPU = Debug|Any CPU
		Release|Any CPU = Release|Any CPU
	EndGlobalSection
	GlobalSection(ProjectConfigurationPlatforms) = postSolution
		{A68F5100-2F04-47A4-A5F4-21CB67B0743B}.Debug|Any CPU.ActiveCfg = Debug|Any CPU
		{A68F5100-2F04-47A4-A5F4-21CB67B0743B}.Debug|Any CPU.Build.0 = Debug|Any CPU
		{A68F5100-2F04-47A4-A5F4-21CB67B0743B}.Release|Any CPU.ActiveCfg = Release|Any CPU
		{A68F5100-2F04-47A4-A5F4-21CB67B0743B}.Release|Any CPU.Build.0 = Release|Any CPU
	EndGlobalSection
	GlobalSection(SolutionProperties) = preSolution
		HideSolutionNode = FALSE
	EndGlobalSection
	GlobalSection(ExtensibilityGlobals) = postSolution
		SolutionGuid = {9E5EDFAE-B41E-4C4E-B897-2579545A7751}
	EndGlobalSection
EndGlobal
